
Microsoft Visual Studio Solution File, Format Version 12.00
# Visual Studio Version 17
VisualStudioVersion = 17.10.34928.147
MinimumVisualStudioVersion = 10.0.40219.1
Project("{FAE04EC0-301F-11D3-BF4B-00C04F79EFBC}") = "StudentRecordsSystem.Server", "StudentRecordsSystem.Server\StudentRecordsSystem.Server.csproj", "{D79D4455-576B-4DED-8B5A-27A08CC9E690}"
EndProject
Project("{54A90642-561A-4BB1-A94E-469ADEE60C69}") = "studentrecordssystem.client", "studentrecordssystem.client\studentrecordssystem.client.esproj", "{D4F2250D-DE6F-488B-9338-67BF739EBA01}"
EndProject
Global
	GlobalSection(SolutionConfigurationPlatforms) = preSolution
		Debug|Any CPU = Debug|Any CPU
		Release|Any CPU = Release|Any CPU
	EndGlobalSection
	GlobalSection(ProjectConfigurationPlatforms) = postSolution
		{D79D4455-576B-4DED-8B5A-27A08CC9E690}.Debug|Any CPU.ActiveCfg = Debug|Any CPU
		{D79D4455-576B-4DED-8B5A-27A08CC9E690}.Debug|Any CPU.Build.0 = Debug|Any CPU
		{D79D4455-576B-4DED-8B5A-27A08CC9E690}.Release|Any CPU.ActiveCfg = Release|Any CPU
		{D79D4455-576B-4DED-8B5A-27A08CC9E690}.Release|Any CPU.Build.0 = Release|Any CPU
		{D4F2250D-DE6F-488B-9338-67BF739EBA01}.Debug|Any CPU.ActiveCfg = Debug|Any CPU
		{D4F2250D-DE6F-488B-9338-67BF739EBA01}.Debug|Any CPU.Build.0 = Debug|Any CPU
		{D4F2250D-DE6F-488B-9338-67BF739EBA01}.Debug|Any CPU.Deploy.0 = Debug|Any CPU
		{D4F2250D-DE6F-488B-9338-67BF739EBA01}.Release|Any CPU.ActiveCfg = Release|Any CPU
		{D4F2250D-DE6F-488B-9338-67BF739EBA01}.Release|Any CPU.Build.0 = Release|Any CPU
		{D4F2250D-DE6F-488B-9338-67BF739EBA01}.Release|Any CPU.Deploy.0 = Release|Any CPU
	EndGlobalSection
	GlobalSection(SolutionProperties) = preSolution
		HideSolutionNode = FALSE
	EndGlobalSection
	GlobalSection(ExtensibilityGlobals) = postSolution
		SolutionGuid = {CC9E3B5B-9619-4FF4-AC43-1D91074018D8}
	EndGlobalSection
EndGlobal
